{
  "name": "@protocolbuffers/protoc-gen-js",
  "version": "4.0.2",
  "lockfileVersion": 3,
  "requires": true,
  "packages": {
    "": {
      "name": "@protocolbuffers/protoc-gen-js",
      "version": "4.0.2",
      "hasInstallScript": true,
      "license": "BSD-3-Clause",
      "dependencies": {
        "adm-zip": "^0.6.0"
      },
      "bin": {
        "protoc-gen-js": "cli.js"
      },
      "engines": {
        "node": ">=18.0.0"
      }
    },
    "node_modules/adm-zip": {
      "version": "0.6.0",
      "resolved": "https://registry.npmjs.org/adm-zip/-/adm-zip-0.6.0.tgz",
      "integrity": "sha512-XleryMhbuksdKtofnWZ9Sk+4CUTbms4Mb/EU32SZwToAyZ5RgVos/ki8n+yr0LWHOGKuakbXTuuYNHLQjhddgg==",
      "license": "MIT",
      "engines": {
        "node": ">=14.0"
      }
    }
  }
}
