{
  "name": "@protocolbuffers/protoc-gen-js",
  "version": "4.0.2-rc7",
  "lockfileVersion": 3,
  "requires": true,
  "packages": {
    "": {
      "name": "@protocolbuffers/protoc-gen-js",
      "version": "4.0.2-rc7",
      "hasInstallScript": true,
      "license": "BSD-3-Clause",
      "dependencies": {
        "adm-zip": "^0.5.16"
      },
      "bin": {
        "protoc-gen-js": "cli.js"
      },
      "engines": {
        "node": ">=18.0.0"
      }
    },
    "node_modules/adm-zip": {
      "version": "0.5.16",
      "resolved": "https://registry.npmjs.org/adm-zip/-/adm-zip-0.5.16.tgz",
      "integrity": "sha512-TGw5yVi4saajsSEgz25grObGHEUaDrniwvA2qwSC060KfqGPdglhvPMA2lPIoxs3PQIItj2iag35fONcQqgUaQ==",
      "license": "MIT",
      "engines": {
        "node": ">=12.0"
      }
    }
  }
}
